<?xml version="1.0" encoding="utf-8"?>
<!--
######################################################################
# PixInsight Makefile Generator Script v1.143
# Copyright (C) 2009-2025 Pleiades Astrophoto
######################################################################
# Generated on .... 2025-02-21T19:23:25.578Z
# Project id ...... XISF
# Project type .... Module
# Platform ........ Windows/vc17
# ++++++++++++++++++++++++++++++++++++++++++++++++++++++++++++++++++++
# Additional preprocessor definitions:
# _CRT_SECURE_NO_WARNINGS
######################################################################
-->
<Project DefaultTargets="Build" ToolsVersion="4.0" xmlns="http://schemas.microsoft.com/developer/msbuild/2003">
  <ItemGroup>
    <Filter Include="Source Files">
      <UniqueIdentifier>1440c105-6198-49d5-8c3c-d6d173c66e45</UniqueIdentifier>
    </Filter>
    <Filter Include="Header Files">
      <UniqueIdentifier>2b12fde0-0386-4e2b-a431-ed6312051e38</UniqueIdentifier>
    </Filter>
    <Filter Include="Image Files">
      <UniqueIdentifier>77e406af-acc9-434d-8a9c-d0ce70555ffc</UniqueIdentifier>
    </Filter>
  </ItemGroup>
  <ItemGroup>
    <ClCompile Include="..\..\XISFFormat.cpp">
        <Filter>Source Files</Filter>
    </ClCompile>
    <ClCompile Include="..\..\XISFInstance.cpp">
        <Filter>Source Files</Filter>
    </ClCompile>
    <ClCompile Include="..\..\XISFModule.cpp">
        <Filter>Source Files</Filter>
    </ClCompile>
    <ClCompile Include="..\..\XISFOptionsDialog.cpp">
        <Filter>Source Files</Filter>
    </ClCompile>
    <ClCompile Include="..\..\XISFPreferencesDialog.cpp">
        <Filter>Source Files</Filter>
    </ClCompile>
  </ItemGroup>
  <ItemGroup>
    <ClInclude Include="..\..\XISFFormat.h">
        <Filter>Header Files</Filter>
    </ClInclude>
    <ClInclude Include="..\..\XISFInstance.h">
        <Filter>Header Files</Filter>
    </ClInclude>
    <ClInclude Include="..\..\XISFModule.h">
        <Filter>Header Files</Filter>
    </ClInclude>
    <ClInclude Include="..\..\XISFOptionsDialog.h">
        <Filter>Header Files</Filter>
    </ClInclude>
    <ClInclude Include="..\..\XISFPreferencesDialog.h">
        <Filter>Header Files</Filter>
    </ClInclude>
  </ItemGroup>
  <ItemGroup>
    <None Include="..\..\icons\XISB.svg">
        <Filter>Image Files</Filter>
    </None>
    <None Include="..\..\icons\XISF.svg">
        <Filter>Image Files</Filter>
    </None>
    <None Include="..\..\icons\XISH.svg">
        <Filter>Image Files</Filter>
    </None>
  </ItemGroup>
</Project>
