<?xml version="1.0" encoding="utf-8"?>
<!--
######################################################################
# PixInsight Makefile Generator Script v1.143
# Copyright (C) 2009-2025 Pleiades Astrophoto
######################################################################
# Generated on .... 2025-02-19T21:24:34.070Z
# Project id ...... BMP
# Project type .... Module
# Platform ........ Windows/vc16
# ++++++++++++++++++++++++++++++++++++++++++++++++++++++++++++++++++++
# Additional preprocessor definitions:
# _CRT_SECURE_NO_WARNINGS
######################################################################
-->
<Project DefaultTargets="Build" ToolsVersion="4.0" xmlns="http://schemas.microsoft.com/developer/msbuild/2003">
  <ItemGroup>
    <Filter Include="Source Files">
      <UniqueIdentifier>a06fa931-543f-4cb5-a273-69c119002243</UniqueIdentifier>
    </Filter>
    <Filter Include="Header Files">
      <UniqueIdentifier>d0d34622-bdab-4b04-a015-42a645f0a20e</UniqueIdentifier>
    </Filter>
    <Filter Include="Image Files">
      <UniqueIdentifier>b3266bc6-d61e-4e26-9ac0-37e074b0280a</UniqueIdentifier>
    </Filter>
  </ItemGroup>
  <ItemGroup>
    <ClCompile Include="..\..\BMPFormat.cpp">
        <Filter>Source Files</Filter>
    </ClCompile>
    <ClCompile Include="..\..\BMPInstance.cpp">
        <Filter>Source Files</Filter>
    </ClCompile>
    <ClCompile Include="..\..\BMPModule.cpp">
        <Filter>Source Files</Filter>
    </ClCompile>
  </ItemGroup>
  <ItemGroup>
    <ClInclude Include="..\..\BMPFormat.h">
        <Filter>Header Files</Filter>
    </ClInclude>
    <ClInclude Include="..\..\BMPInstance.h">
        <Filter>Header Files</Filter>
    </ClInclude>
    <ClInclude Include="..\..\BMPModule.h">
        <Filter>Header Files</Filter>
    </ClInclude>
  </ItemGroup>
  <ItemGroup>
    <None Include="..\..\icons\BMP.svg">
        <Filter>Image Files</Filter>
    </None>
    <None Include="..\..\icons\GIF.svg">
        <Filter>Image Files</Filter>
    </None>
    <None Include="..\..\icons\ICO.svg">
        <Filter>Image Files</Filter>
    </None>
    <None Include="..\..\icons\MNG.svg">
        <Filter>Image Files</Filter>
    </None>
    <None Include="..\..\icons\PBM.svg">
        <Filter>Image Files</Filter>
    </None>
    <None Include="..\..\icons\PGM.svg">
        <Filter>Image Files</Filter>
    </None>
    <None Include="..\..\icons\PNG.svg">
        <Filter>Image Files</Filter>
    </None>
    <None Include="..\..\icons\PPM.svg">
        <Filter>Image Files</Filter>
    </None>
    <None Include="..\..\icons\SVG.svg">
        <Filter>Image Files</Filter>
    </None>
    <None Include="..\..\icons\TGA.svg">
        <Filter>Image Files</Filter>
    </None>
    <None Include="..\..\icons\WEBP.svg">
        <Filter>Image Files</Filter>
    </None>
    <None Include="..\..\icons\XBM.svg">
        <Filter>Image Files</Filter>
    </None>
    <None Include="..\..\icons\XPM.svg">
        <Filter>Image Files</Filter>
    </None>
  </ItemGroup>
</Project>
