<?xml version="1.0" encoding="utf-8"?>
<!--
######################################################################
# PixInsight Makefile Generator Script v1.144
# Copyright (C) 2009-2025 Pleiades Astrophoto
######################################################################
# Generated on .... 2025-04-07T09:14:58.461Z
# Project id ...... chbtest
# Project type .... Executable
# Platform ........ Windows/vc16
######################################################################
-->
<Project DefaultTargets="Build" ToolsVersion="4.0" xmlns="http://schemas.microsoft.com/developer/msbuild/2003">
  <ItemGroup>
    <Filter Include="Source Files">
      <UniqueIdentifier>e5e18bf7-f27a-45ef-a6cf-0a45e241ee31</UniqueIdentifier>
    </Filter>
  </ItemGroup>
  <ItemGroup>
    <ClCompile Include="..\..\chbtest.cpp">
        <Filter>Source Files</Filter>
    </ClCompile>
  </ItemGroup>
</Project>
