<?xml version="1.0" encoding="utf-8"?>
<!--
######################################################################
# PixInsight Makefile Generator Script v1.144
# Copyright (C) 2009-2025 Pleiades Astrophoto
######################################################################
# Generated on .... 2025-04-07T08:58:06.749Z
# Project id ...... Annotation
# Project type .... Module
# Platform ........ Windows/vc17
# ++++++++++++++++++++++++++++++++++++++++++++++++++++++++++++++++++++
# Additional preprocessor definitions:
# _CRT_SECURE_NO_WARNINGS
######################################################################
-->
<Project DefaultTargets="Build" ToolsVersion="4.0" xmlns="http://schemas.microsoft.com/developer/msbuild/2003">
  <ItemGroup>
    <Filter Include="Source Files">
      <UniqueIdentifier>6561f036-4a99-4f0b-98b6-0f4289542691</UniqueIdentifier>
    </Filter>
    <Filter Include="Header Files">
      <UniqueIdentifier>4b933471-5163-47dd-aba4-bfd978173edc</UniqueIdentifier>
    </Filter>
    <Filter Include="Image Files">
      <UniqueIdentifier>c67e83b0-3a1d-46c0-9598-396fb37af5d3</UniqueIdentifier>
    </Filter>
  </ItemGroup>
  <ItemGroup>
    <ClCompile Include="..\..\AnnotationInstance.cpp">
        <Filter>Source Files</Filter>
    </ClCompile>
    <ClCompile Include="..\..\AnnotationInterface.cpp">
        <Filter>Source Files</Filter>
    </ClCompile>
    <ClCompile Include="..\..\AnnotationModule.cpp">
        <Filter>Source Files</Filter>
    </ClCompile>
    <ClCompile Include="..\..\AnnotationParameters.cpp">
        <Filter>Source Files</Filter>
    </ClCompile>
    <ClCompile Include="..\..\AnnotationProcess.cpp">
        <Filter>Source Files</Filter>
    </ClCompile>
    <ClCompile Include="..\..\AnnotationRenderer.cpp">
        <Filter>Source Files</Filter>
    </ClCompile>
  </ItemGroup>
  <ItemGroup>
    <ClInclude Include="..\..\AnnotationInstance.h">
        <Filter>Header Files</Filter>
    </ClInclude>
    <ClInclude Include="..\..\AnnotationInterface.h">
        <Filter>Header Files</Filter>
    </ClInclude>
    <ClInclude Include="..\..\AnnotationModule.h">
        <Filter>Header Files</Filter>
    </ClInclude>
    <ClInclude Include="..\..\AnnotationParameters.h">
        <Filter>Header Files</Filter>
    </ClInclude>
    <ClInclude Include="..\..\AnnotationProcess.h">
        <Filter>Header Files</Filter>
    </ClInclude>
    <ClInclude Include="..\..\AnnotationRenderer.h">
        <Filter>Header Files</Filter>
    </ClInclude>
  </ItemGroup>
  <ItemGroup>
    <None Include="..\..\cursors\1.5\move_all.png">
        <Filter>Image Files</Filter>
    </None>
    <None Include="..\..\cursors\1.5\move_all_active.png">
        <Filter>Image Files</Filter>
    </None>
    <None Include="..\..\cursors\2.0\move_all.png">
        <Filter>Image Files</Filter>
    </None>
    <None Include="..\..\cursors\2.0\move_all_active.png">
        <Filter>Image Files</Filter>
    </None>
    <None Include="..\..\cursors\2.5\move_all.png">
        <Filter>Image Files</Filter>
    </None>
    <None Include="..\..\cursors\2.5\move_all_active.png">
        <Filter>Image Files</Filter>
    </None>
    <None Include="..\..\cursors\3.0\move_all.png">
        <Filter>Image Files</Filter>
    </None>
    <None Include="..\..\cursors\3.0\move_all_active.png">
        <Filter>Image Files</Filter>
    </None>
    <None Include="..\..\cursors\3.5\move_all.png">
        <Filter>Image Files</Filter>
    </None>
    <None Include="..\..\cursors\3.5\move_all_active.png">
        <Filter>Image Files</Filter>
    </None>
    <None Include="..\..\cursors\4.0\move_all.png">
        <Filter>Image Files</Filter>
    </None>
    <None Include="..\..\cursors\4.0\move_all_active.png">
        <Filter>Image Files</Filter>
    </None>
    <None Include="..\..\cursors\move_all.png">
        <Filter>Image Files</Filter>
    </None>
    <None Include="..\..\cursors\move_all_active.png">
        <Filter>Image Files</Filter>
    </None>
    <None Include="..\..\icons\Annotation.svg">
        <Filter>Image Files</Filter>
    </None>
  </ItemGroup>
</Project>
